
Microsoft Visual Studio Solution File, Format Version 12.00
# Visual Studio 2012
Project("{FAE04EC0-301F-11D3-BF4B-00C04F79EFBC}") = "ImgurDotNet", "ImgurDotNet\ImgurDotNet.csproj", "{0A33BE8A-FBF0-4AC2-9E03-00798F17A561}"
EndProject
Project("{FAE04EC0-301F-11D3-BF4B-00C04F79EFBC}") = "ImgurDotNetTest", "ImgurDotNetTest\ImgurDotNetTest.csproj", "{C1562A78-DB08-48C7-BC77-F5D3B1E9BB32}"
EndProject
Global
	GlobalSection(SolutionConfigurationPlatforms) = preSolution
		Debug|Any CPU = Debug|Any CPU
		Release|Any CPU = Release|Any CPU
	EndGlobalSection
	GlobalSection(ProjectConfigurationPlatforms) = postSolution
		{0A33BE8A-FBF0-4AC2-9E03-00798F17A561}.Debug|Any CPU.ActiveCfg = Debug|Any CPU
		{0A33BE8A-FBF0-4AC2-9E03-00798F17A561}.Debug|Any CPU.Build.0 = Debug|Any CPU
		{0A33BE8A-FBF0-4AC2-9E03-00798F17A561}.Release|Any CPU.ActiveCfg = Release|Any CPU
		{0A33BE8A-FBF0-4AC2-9E03-00798F17A561}.Release|Any CPU.Build.0 = Release|Any CPU
		{C1562A78-DB08-48C7-BC77-F5D3B1E9BB32}.Debug|Any CPU.ActiveCfg = Debug|Any CPU
		{C1562A78-DB08-48C7-BC77-F5D3B1E9BB32}.Debug|Any CPU.Build.0 = Debug|Any CPU
		{C1562A78-DB08-48C7-BC77-F5D3B1E9BB32}.Release|Any CPU.ActiveCfg = Release|Any CPU
		{C1562A78-DB08-48C7-BC77-F5D3B1E9BB32}.Release|Any CPU.Build.0 = Release|Any CPU
	EndGlobalSection
	GlobalSection(SolutionProperties) = preSolution
		HideSolutionNode = FALSE
	EndGlobalSection
EndGlobal
